
Microsoft Visual Studio Solution File, Format Version 12.00
# Visual Studio 14
VisualStudioVersion = 14.0.25420.1
MinimumVisualStudioVersion = 10.0.40219.1
Project("{FAE04EC0-301F-11D3-BF4B-00C04F79EFBC}") = "nastha", "nastha\nastha.csproj", "{6C8B5C9D-BBBE-41FB-ADEC-B1A003111570}"
EndProject
Project("{FAE04EC0-301F-11D3-BF4B-00C04F79EFBC}") = "nastha.Tests", "nastha.Tests\nastha.Tests.csproj", "{1F5EC65B-DF59-4584-BBCF-7D3E106F34CB}"
EndProject
Project("{FAE04EC0-301F-11D3-BF4B-00C04F79EFBC}") = "TextSearchRequest", "TextSearchRequest\TextSearchRequest.csproj", "{92EFCC5E-B4B0-4E9B-86D4-5BEF891D50C3}"
EndProject
Project("{FAE04EC0-301F-11D3-BF4B-00C04F79EFBC}") = "MerchantDetails", "MerchantDetails\MerchantDetails.csproj", "{3E46AB3F-7F16-473D-B0F2-E7E4ED2FC6C4}"
EndProject
Project("{FAE04EC0-301F-11D3-BF4B-00C04F79EFBC}") = "SallikasuServices", "SallikasuServices\SallikasuServices.csproj", "{C3F4F9FA-46AC-41D5-A7C9-BFD3EBCD45E1}"
EndProject
Project("{FAE04EC0-301F-11D3-BF4B-00C04F79EFBC}") = "SallikasuServices.Tests", "SallikasuServices.Tests\SallikasuServices.Tests.csproj", "{815F6684-6A94-443D-B6BD-98D604DE11EC}"
EndProject
Global
	GlobalSection(SolutionConfigurationPlatforms) = preSolution
		Debug|Any CPU = Debug|Any CPU
		Release|Any CPU = Release|Any CPU
	EndGlobalSection
	GlobalSection(ProjectConfigurationPlatforms) = postSolution
		{6C8B5C9D-BBBE-41FB-ADEC-B1A003111570}.Debug|Any CPU.ActiveCfg = Debug|Any CPU
		{6C8B5C9D-BBBE-41FB-ADEC-B1A003111570}.Debug|Any CPU.Build.0 = Debug|Any CPU
		{6C8B5C9D-BBBE-41FB-ADEC-B1A003111570}.Release|Any CPU.ActiveCfg = Release|Any CPU
		{6C8B5C9D-BBBE-41FB-ADEC-B1A003111570}.Release|Any CPU.Build.0 = Release|Any CPU
		{1F5EC65B-DF59-4584-BBCF-7D3E106F34CB}.Debug|Any CPU.ActiveCfg = Debug|Any CPU
		{1F5EC65B-DF59-4584-BBCF-7D3E106F34CB}.Debug|Any CPU.Build.0 = Debug|Any CPU
		{1F5EC65B-DF59-4584-BBCF-7D3E106F34CB}.Release|Any CPU.ActiveCfg = Release|Any CPU
		{1F5EC65B-DF59-4584-BBCF-7D3E106F34CB}.Release|Any CPU.Build.0 = Release|Any CPU
		{92EFCC5E-B4B0-4E9B-86D4-5BEF891D50C3}.Debug|Any CPU.ActiveCfg = Debug|Any CPU
		{92EFCC5E-B4B0-4E9B-86D4-5BEF891D50C3}.Debug|Any CPU.Build.0 = Debug|Any CPU
		{92EFCC5E-B4B0-4E9B-86D4-5BEF891D50C3}.Release|Any CPU.ActiveCfg = Release|Any CPU
		{92EFCC5E-B4B0-4E9B-86D4-5BEF891D50C3}.Release|Any CPU.Build.0 = Release|Any CPU
		{3E46AB3F-7F16-473D-B0F2-E7E4ED2FC6C4}.Debug|Any CPU.ActiveCfg = Debug|Any CPU
		{3E46AB3F-7F16-473D-B0F2-E7E4ED2FC6C4}.Debug|Any CPU.Build.0 = Debug|Any CPU
		{3E46AB3F-7F16-473D-B0F2-E7E4ED2FC6C4}.Release|Any CPU.ActiveCfg = Release|Any CPU
		{3E46AB3F-7F16-473D-B0F2-E7E4ED2FC6C4}.Release|Any CPU.Build.0 = Release|Any CPU
		{C3F4F9FA-46AC-41D5-A7C9-BFD3EBCD45E1}.Debug|Any CPU.ActiveCfg = Debug|Any CPU
		{C3F4F9FA-46AC-41D5-A7C9-BFD3EBCD45E1}.Debug|Any CPU.Build.0 = Debug|Any CPU
		{C3F4F9FA-46AC-41D5-A7C9-BFD3EBCD45E1}.Release|Any CPU.ActiveCfg = Release|Any CPU
		{C3F4F9FA-46AC-41D5-A7C9-BFD3EBCD45E1}.Release|Any CPU.Build.0 = Release|Any CPU
		{815F6684-6A94-443D-B6BD-98D604DE11EC}.Debug|Any CPU.ActiveCfg = Debug|Any CPU
		{815F6684-6A94-443D-B6BD-98D604DE11EC}.Debug|Any CPU.Build.0 = Debug|Any CPU
		{815F6684-6A94-443D-B6BD-98D604DE11EC}.Release|Any CPU.ActiveCfg = Release|Any CPU
		{815F6684-6A94-443D-B6BD-98D604DE11EC}.Release|Any CPU.Build.0 = Release|Any CPU
	EndGlobalSection
	GlobalSection(SolutionProperties) = preSolution
		HideSolutionNode = FALSE
	EndGlobalSection
EndGlobal
